%{"dialyxir": {:hex, :dialyxir, "0.5.1", "b331b091720fd93e878137add264bac4f644e1ddae07a70bf7062c7862c4b952", [], [], "hexpm"},
  "ed25519": {:hex, :ed25519, "1.0.2", "81757acafc6ea02bdeb2f720dc6dafa8ff905edd6a2142872db5dff463761569", [], [], "hexpm"},
  "hkdf": {:hex, :hkdf, "0.1.0", "24f5bb27eb2b00f183004e403eaea813ed3ad7da0c3ddec259871b10ae3fa4a9", [], [], "hexpm"}}
