%{"connection": {:hex, :connection, "1.0.4", "a1cae72211f0eef17705aaededacac3eb30e6625b04a6117c1b2db6ace7d5976", [], [], "hexpm"},
  "db_connection": {:hex, :db_connection, "1.1.2", "2865c2a4bae0714e2213a0ce60a1b12d76a6efba0c51fbda59c9ab8d1accc7a8", [], [{:connection, "~> 1.0.2", [hex: :connection, repo: "hexpm", optional: false]}, {:poolboy, "~> 1.5", [hex: :poolboy, repo: "hexpm", optional: true]}, {:sbroker, "~> 1.0", [hex: :sbroker, repo: "hexpm", optional: true]}], "hexpm"},
  "decimal": {:hex, :decimal, "1.4.1", "ad9e501edf7322f122f7fc151cce7c2a0c9ada96f2b0155b8a09a795c2029770", [], [], "hexpm"},
  "ecto": {:hex, :ecto, "2.1.6", "29b45f393c2ecd99f83e418ea9b0a2af6078ecb30f401481abac8a473c490f84", [], [{:db_connection, "~> 1.1", [hex: :db_connection, repo: "hexpm", optional: true]}, {:decimal, "~> 1.2", [hex: :decimal, repo: "hexpm", optional: false]}, {:mariaex, "~> 0.8.0", [hex: :mariaex, repo: "hexpm", optional: true]}, {:poison, "~> 2.2 or ~> 3.0", [hex: :poison, repo: "hexpm", optional: true]}, {:poolboy, "~> 1.5", [hex: :poolboy, repo: "hexpm", optional: false]}, {:postgrex, "~> 0.13.0", [hex: :postgrex, repo: "hexpm", optional: true]}, {:sbroker, "~> 1.0", [hex: :sbroker, repo: "hexpm", optional: true]}], "hexpm"},
  "ed25519": {:hex, :ed25519, "1.0.2", "81757acafc6ea02bdeb2f720dc6dafa8ff905edd6a2142872db5dff463761569", [], [], "hexpm"},
  "elixir_make": {:hex, :elixir_make, "0.4.0", "992f38fabe705bb45821a728f20914c554b276838433349d4f2341f7a687cddf", [], [], "hexpm"},
  "esqlite": {:hex, :esqlite, "0.2.3", "1a8b60877fdd3d50a8a84b342db04032c0231cc27ecff4ddd0d934485d4c0cd5", [], [], "hexpm"},
  "eunit_formatters": {:hex, :eunit_formatters, "0.3.1", "7a6fc351eb5b873e2356b8852eb751e20c13a72fbca03393cf682b8483509573", [], [], "hexpm"},
  "hkdf": {:hex, :hkdf, "0.1.0", "24f5bb27eb2b00f183004e403eaea813ed3ad7da0c3ddec259871b10ae3fa4a9", [], [], "hexpm"},
  "mix_eunit": {:hex, :mix_eunit, "0.3.0", "0e3e23bbc1f428663ba6c0ce52731ea7bff381fcde1ea9198a1bd83ac26305b2", [], [{:eunit_formatters, "~> 0.3.1", [hex: :eunit_formatters, repo: "hexpm", optional: false]}], "hexpm"},
  "nerves_dnssd": {:hex, :nerves_dnssd, "0.3.0", "f686ef0cde3e5fa962bee2b57e7b6950e19666e16e2207f64be109a16a9dafd9", [:make, :mix], [{:mix_eunit, "~> 0.3.0", [hex: :mix_eunit, repo: "hexpm", optional: false]}, {:system_registry, "~> 0.6.0", [hex: :system_registry, repo: "hexpm", optional: false]}], "hexpm"},
  "poolboy": {:hex, :poolboy, "1.5.1", "6b46163901cfd0a1b43d692657ed9d7e599853b3b21b95ae5ae0a777cf9b6ca8", [], [], "hexpm"},
  "salty": {:git, "https://github.com/fhunleth/libsalty/", "c39a97ae444935100bb276ebfa64838946348b6d", [branch: "crosscompile"]},
  "sbroker": {:hex, :sbroker, "1.0.0", "28ff1b5e58887c5098539f236307b36fe1d3edaa2acff9d6a3d17c2dcafebbd0", [], [], "hexpm"},
  "sqlite_ecto2": {:hex, :sqlite_ecto2, "2.0.3", "d2516e169436d8ec60318b1d442269677796562a3910d2288eaf7a644bfa3088", [], [{:connection, "~> 1.0.3", [hex: :connection, repo: "hexpm", optional: false]}, {:db_connection, "~> 1.1.0", [hex: :db_connection, repo: "hexpm", optional: false]}, {:decimal, "~> 1.2", [hex: :decimal, repo: "hexpm", optional: false]}, {:ecto, "~> 2.1.0", [hex: :ecto, repo: "hexpm", optional: false]}, {:esqlite, "~> 0.2.3", [hex: :esqlite, repo: "hexpm", optional: false]}, {:poison, "~> 2.2", [hex: :poison, repo: "hexpm", optional: true]}, {:postgrex, "~> 0.13.0", [hex: :postgrex, repo: "hexpm", optional: true]}, {:sbroker, "~> 1.0", [hex: :sbroker, repo: "hexpm", optional: false]}, {:sqlitex, "~> 1.3.2 or ~> 1.4", [hex: :sqlitex, repo: "hexpm", optional: false]}], "hexpm"},
  "sqlitex": {:hex, :sqlitex, "1.3.3", "3aac5fd702be346f71d9de6e01702c9954484cd0971aa443490bb3bde045d919", [], [{:decimal, "~> 1.1", [hex: :decimal, repo: "hexpm", optional: false]}, {:esqlite, "~> 0.2.3", [hex: :esqlite, repo: "hexpm", optional: false]}], "hexpm"},
  "system_registry": {:hex, :system_registry, "0.6.0", "31642177e6002d3cff2ada3553ed4e9c0a6ca015797d62d7d17c0ab8696185fc", [], [], "hexpm"}}
